
Microsoft Visual Studio Solution File, Format Version 12.00
# Visual Studio 16
Project("{FAE04EC0-301F-11D3-BF4B-00C04F79EFBC}") = "Assembly-CSharp-firstpass", "Assembly-CSharp-firstpass.csproj", "{730B4414-29D6-D71D-9898-4BED759599E0}"
EndProject
Project("{FAE04EC0-301F-11D3-BF4B-00C04F79EFBC}") = "Assembly-CSharp", "Assembly-CSharp.csproj", "{24B31F4B-55C9-D903-0B38-68AF857E8C68}"
EndProject
Project("{FAE04EC0-301F-11D3-BF4B-00C04F79EFBC}") = "Assembly-CSharp-Editor-firstpass", "Assembly-CSharp-Editor-firstpass.csproj", "{19B71F39-7E73-E434-B995-5665AB1B7D7E}"
EndProject
Global
	GlobalSection(SolutionConfigurationPlatforms) = preSolution
		Debug|Any CPU = Debug|Any CPU
		Release|Any CPU = Release|Any CPU
	EndGlobalSection
	GlobalSection(ProjectConfigurationPlatforms) = postSolution
		{730B4414-29D6-D71D-9898-4BED759599E0}.Debug|Any CPU.ActiveCfg = Debug|Any CPU
		{730B4414-29D6-D71D-9898-4BED759599E0}.Debug|Any CPU.Build.0 = Debug|Any CPU
		{730B4414-29D6-D71D-9898-4BED759599E0}.Release|Any CPU.ActiveCfg = Release|Any CPU
		{730B4414-29D6-D71D-9898-4BED759599E0}.Release|Any CPU.Build.0 = Release|Any CPU
		{24B31F4B-55C9-D903-0B38-68AF857E8C68}.Debug|Any CPU.ActiveCfg = Debug|Any CPU
		{24B31F4B-55C9-D903-0B38-68AF857E8C68}.Debug|Any CPU.Build.0 = Debug|Any CPU
		{24B31F4B-55C9-D903-0B38-68AF857E8C68}.Release|Any CPU.ActiveCfg = Release|Any CPU
		{24B31F4B-55C9-D903-0B38-68AF857E8C68}.Release|Any CPU.Build.0 = Release|Any CPU
		{19B71F39-7E73-E434-B995-5665AB1B7D7E}.Debug|Any CPU.ActiveCfg = Debug|Any CPU
		{19B71F39-7E73-E434-B995-5665AB1B7D7E}.Debug|Any CPU.Build.0 = Debug|Any CPU
		{19B71F39-7E73-E434-B995-5665AB1B7D7E}.Release|Any CPU.ActiveCfg = Release|Any CPU
		{19B71F39-7E73-E434-B995-5665AB1B7D7E}.Release|Any CPU.Build.0 = Release|Any CPU
	EndGlobalSection
	GlobalSection(SolutionProperties) = preSolution
		HideSolutionNode = FALSE
	EndGlobalSection
EndGlobal
